
Microsoft Visual Studio Solution File, Format Version 12.00
# Visual Studio 15
VisualStudioVersion = 15.0.27703.2042
MinimumVisualStudioVersion = 10.0.40219.1
Project("{8BC9CEB8-8B4A-11D0-8D11-00A0C91BC942}") = "sumOfTheDigits", "sumOfTheDigits\sumOfTheDigits.vcxproj", "{85760334-042C-4616-90CE-FC2D3C6E2B0E}"
EndProject
Global
	GlobalSection(SolutionConfigurationPlatforms) = preSolution
		Debug|x64 = Debug|x64
		Debug|x86 = Debug|x86
		Release|x64 = Release|x64
		Release|x86 = Release|x86
	EndGlobalSection
	GlobalSection(ProjectConfigurationPlatforms) = postSolution
		{85760334-042C-4616-90CE-FC2D3C6E2B0E}.Debug|x64.ActiveCfg = Debug|x64
		{85760334-042C-4616-90CE-FC2D3C6E2B0E}.Debug|x64.Build.0 = Debug|x64
		{85760334-042C-4616-90CE-FC2D3C6E2B0E}.Debug|x86.ActiveCfg = Debug|Win32
		{85760334-042C-4616-90CE-FC2D3C6E2B0E}.Debug|x86.Build.0 = Debug|Win32
		{85760334-042C-4616-90CE-FC2D3C6E2B0E}.Release|x64.ActiveCfg = Release|x64
		{85760334-042C-4616-90CE-FC2D3C6E2B0E}.Release|x64.Build.0 = Release|x64
		{85760334-042C-4616-90CE-FC2D3C6E2B0E}.Release|x86.ActiveCfg = Release|Win32
		{85760334-042C-4616-90CE-FC2D3C6E2B0E}.Release|x86.Build.0 = Release|Win32
	EndGlobalSection
	GlobalSection(SolutionProperties) = preSolution
		HideSolutionNode = FALSE
	EndGlobalSection
	GlobalSection(ExtensibilityGlobals) = postSolution
		SolutionGuid = {316D0696-8431-4ACD-B8FF-6110E5518EAE}
	EndGlobalSection
EndGlobal
