
Microsoft Visual Studio Solution File, Format Version 12.00
# Visual Studio 15
VisualStudioVersion = 15.0.27703.2035
MinimumVisualStudioVersion = 10.0.40219.1
Project("{8BC9CEB8-8B4A-11D0-8D11-00A0C91BC942}") = "multiple_files", "multiple_files\multiple_files.vcxproj", "{A46D5C24-0DE3-46F6-9FC8-C9B2E6CF14D9}"
EndProject
Global
	GlobalSection(SolutionConfigurationPlatforms) = preSolution
		Debug|x64 = Debug|x64
		Debug|x86 = Debug|x86
		Release|x64 = Release|x64
		Release|x86 = Release|x86
	EndGlobalSection
	GlobalSection(ProjectConfigurationPlatforms) = postSolution
		{A46D5C24-0DE3-46F6-9FC8-C9B2E6CF14D9}.Debug|x64.ActiveCfg = Debug|x64
		{A46D5C24-0DE3-46F6-9FC8-C9B2E6CF14D9}.Debug|x64.Build.0 = Debug|x64
		{A46D5C24-0DE3-46F6-9FC8-C9B2E6CF14D9}.Debug|x86.ActiveCfg = Debug|Win32
		{A46D5C24-0DE3-46F6-9FC8-C9B2E6CF14D9}.Debug|x86.Build.0 = Debug|Win32
		{A46D5C24-0DE3-46F6-9FC8-C9B2E6CF14D9}.Release|x64.ActiveCfg = Release|x64
		{A46D5C24-0DE3-46F6-9FC8-C9B2E6CF14D9}.Release|x64.Build.0 = Release|x64
		{A46D5C24-0DE3-46F6-9FC8-C9B2E6CF14D9}.Release|x86.ActiveCfg = Release|Win32
		{A46D5C24-0DE3-46F6-9FC8-C9B2E6CF14D9}.Release|x86.Build.0 = Release|Win32
	EndGlobalSection
	GlobalSection(SolutionProperties) = preSolution
		HideSolutionNode = FALSE
	EndGlobalSection
	GlobalSection(ExtensibilityGlobals) = postSolution
		SolutionGuid = {33B1FE84-7548-42D1-85F0-7BCCE21E9CFB}
	EndGlobalSection
EndGlobal
